
Microsoft Visual Studio Solution File, Format Version 12.00
# Visual Studio Version 16
VisualStudioVersion = 16.0.31729.503
MinimumVisualStudioVersion = 10.0.40219.1
Project("{FAE04EC0-301F-11D3-BF4B-00C04F79EFBC}") = "LinkedList", "LinkedList\LinkedList.csproj", "{93F3D2AD-DFDF-4AE3-BBD8-249A8B27AA17}"
EndProject
Global
	GlobalSection(SolutionConfigurationPlatforms) = preSolution
		Debug|Any CPU = Debug|Any CPU
		Release|Any CPU = Release|Any CPU
	EndGlobalSection
	GlobalSection(ProjectConfigurationPlatforms) = postSolution
		{93F3D2AD-DFDF-4AE3-BBD8-249A8B27AA17}.Debug|Any CPU.ActiveCfg = Debug|Any CPU
		{93F3D2AD-DFDF-4AE3-BBD8-249A8B27AA17}.Debug|Any CPU.Build.0 = Debug|Any CPU
		{93F3D2AD-DFDF-4AE3-BBD8-249A8B27AA17}.Release|Any CPU.ActiveCfg = Release|Any CPU
		{93F3D2AD-DFDF-4AE3-BBD8-249A8B27AA17}.Release|Any CPU.Build.0 = Release|Any CPU
	EndGlobalSection
	GlobalSection(SolutionProperties) = preSolution
		HideSolutionNode = FALSE
	EndGlobalSection
	GlobalSection(ExtensibilityGlobals) = postSolution
		SolutionGuid = {04281D86-393C-46E9-8432-998F667E60A5}
	EndGlobalSection
EndGlobal
